// !$*UTF8*$!
{
	archiveVersion = 1;
	classes = {
	};
	objectVersion = 46;
	objects = {

/* Begin PBXBuildFile section */
		4AF67CD01B79BB7B00B36C40 /* AppDelegate.swift in Sources */ = {isa = PBXBuildFile; fileRef = 4AF67CCF1B79BB7B00B36C40 /* AppDelegate.swift */; };
		4AF67D001B79BE6F00B36C40 /* TTScanView.swift in Sources */ = {isa = PBXBuildFile; fileRef = 4AF67CFF1B79BE6F00B36C40 /* TTScanView.swift */; };
/* End PBXBuildFile section */

/* Begin PBXFileReference section */
		4AF67CCC1B79BB7B00B36C40 /* TTScanView.app */ = {isa = PBXFileReference; explicitFileType = wrapper.application; includeInIndex = 0; path = TTScanView.app; sourceTree = BUILT_PRODUCTS_DIR; };
		4AF67CCF1B79BB7B00B36C40 /* AppDelegate.swift */ = {isa = PBXFileReference; lastKnownFileType = sourcecode.swift; path = AppDelegate.swift; sourceTree = "<group>"; };
		4AF67CDB1B79BB7B00B36C40 /* Info.plist */ = {isa = PBXFileReference; lastKnownFileType = text.plist.xml; path = Info.plist; sourceTree = "<group>"; };
		4AF67CFF1B79BE6F00B36C40 /* TTScanView.swift */ = {isa = PBXFileReference; fileEncoding = 4; lastKnownFileType = sourcecode.swift; path = TTScanView.swift; sourceTree = "<group>"; };
		4AF67D011B79BEE300B36C40 /* TTScanView.h */ = {isa = PBXFileReference; fileEncoding = 4; lastKnownFileType = sourcecode.c.h; path = TTScanView.h; sourceTree = "<group>"; };
/* End PBXFileReference section */

/* Begin PBXFrameworksBuildPhase section */
		4AF67CC91B79BB7B00B36C40 /* Frameworks */ = {
			isa = PBXFrameworksBuildPhase;
			buildActionMask = 2147483647;
			files = (
			);
			runOnlyForDeploymentPostprocessing = 0;
		};
/* End PBXFrameworksBuildPhase section */

/* Begin PBXGroup section */
		4AF67CC31B79BB7B00B36C40 = {
			isa = PBXGroup;
			children = (
				4AF67CCE1B79BB7B00B36C40 /* TTScanView */,
				4AF67CCD1B79BB7B00B36C40 /* Products */,
			);
			sourceTree = "<group>";
		};
		4AF67CCD1B79BB7B00B36C40 /* Products */ = {
			isa = PBXGroup;
			children = (
				4AF67CCC1B79BB7B00B36C40 /* TTScanView.app */,
			);
			name = Products;
			sourceTree = "<group>";
		};
		4AF67CCE1B79BB7B00B36C40 /* TTScanView */ = {
			isa = PBXGroup;
			children = (
				4AF67CFE1B79BBED00B36C40 /* Example */,
				4AF67CFD1B79BBD500B36C40 /* TTScanView */,
				4AF67CDB1B79BB7B00B36C40 /* Info.plist */,
			);
			path = TTScanView;
			sourceTree = "<group>";
		};
		4AF67CFD1B79BBD500B36C40 /* TTScanView */ = {
			isa = PBXGroup;
			children = (
				4AF67CFF1B79BE6F00B36C40 /* TTScanView.swift */,
				4AF67D011B79BEE300B36C40 /* TTScanView.h */,
			);
			path = TTScanView;
			sourceTree = "<group>";
		};
		4AF67CFE1B79BBED00B36C40 /* Example */ = {
			isa = PBXGroup;
			children = (
				4AF67CCF1B79BB7B00B36C40 /* AppDelegate.swift */,
			);
			path = Example;
			sourceTree = "<group>";
		};
/* End PBXGroup section */

/* Begin PBXNativeTarget section */
		4AF67CCB1B79BB7B00B36C40 /* TTScanView */ = {
			isa = PBXNativeTarget;
			buildConfigurationList = 4AF67CF41B79BB7B00B36C40 /* Build configuration list for PBXNativeTarget "TTScanView" */;
			buildPhases = (
				4AF67CC81B79BB7B00B36C40 /* Sources */,
				4AF67CC91B79BB7B00B36C40 /* Frameworks */,
				4AF67CCA1B79BB7B00B36C40 /* Resources */,
			);
			buildRules = (
			);
			dependencies = (
			);
			name = TTScanView;
			productName = TTScanView;
			productReference = 4AF67CCC1B79BB7B00B36C40 /* TTScanView.app */;
			productType = "com.apple.product-type.application";
		};
/* End PBXNativeTarget section */

/* Begin PBXProject section */
		4AF67CC41B79BB7B00B36C40 /* Project object */ = {
			isa = PBXProject;
			attributes = {
				LastUpgradeCheck = 0700;
				ORGANIZATIONNAME = tattn;
				TargetAttributes = {
					4AF67CCB1B79BB7B00B36C40 = {
						CreatedOnToolsVersion = 7.0;
						DevelopmentTeam = X3Q8DP844F;
					};
				};
			};
			buildConfigurationList = 4AF67CC71B79BB7B00B36C40 /* Build configuration list for PBXProject "TTScanView" */;
			compatibilityVersion = "Xcode 3.2";
			developmentRegion = English;
			hasScannedForEncodings = 0;
			knownRegions = (
				en,
				Base,
			);
			mainGroup = 4AF67CC31B79BB7B00B36C40;
			productRefGroup = 4AF67CCD1B79BB7B00B36C40 /* Products */;
			projectDirPath = "";
			projectRoot = "";
			targets = (
				4AF67CCB1B79BB7B00B36C40 /* TTScanView */,
			);
		};
/* End PBXProject section */

/* Begin PBXResourcesBuildPhase section */
		4AF67CCA1B79BB7B00B36C40 /* Resources */ = {
			isa = PBXResourcesBuildPhase;
			buildActionMask = 2147483647;
			files = (
			);
			runOnlyForDeploymentPostprocessing = 0;
		};
/* End PBXResourcesBuildPhase section */

/* Begin PBXSourcesBuildPhase section */
		4AF67CC81B79BB7B00B36C40 /* Sources */ = {
			isa = PBXSourcesBuildPhase;
			buildActionMask = 2147483647;
			files = (
				4AF67CD01B79BB7B00B36C40 /* AppDelegate.swift in Sources */,
				4AF67D001B79BE6F00B36C40 /* TTScanView.swift in Sources */,
			);
			runOnlyForDeploymentPostprocessing = 0;
		};
/* End PBXSourcesBuildPhase section */

/* Begin XCBuildConfiguration section */
		4AF67CF21B79BB7B00B36C40 /* Debug */ = {
			isa = XCBuildConfiguration;
			buildSettings = {
				ALWAYS_SEARCH_USER_PATHS = NO;
				CLANG_CXX_LANGUAGE_STANDARD = "gnu++0x";
				CLANG_CXX_LIBRARY = "libc++";
				CLANG_ENABLE_MODULES = YES;
				CLANG_ENABLE_OBJC_ARC = YES;
				CLANG_WARN_BOOL_CONVERSION = YES;
				CLANG_WARN_CONSTANT_CONVERSION = YES;
				CLANG_WARN_DIRECT_OBJC_ISA_USAGE = YES_ERROR;
				CLANG_WARN_EMPTY_BODY = YES;
				CLANG_WARN_ENUM_CONVERSION = YES;
				CLANG_WARN_INT_CONVERSION = YES;
				CLANG_WARN_OBJC_ROOT_CLASS = YES_ERROR;
				CLANG_WARN_UNREACHABLE_CODE = YES;
				CLANG_WARN__DUPLICATE_METHOD_MATCH = YES;
				"CODE_SIGN_IDENTITY[sdk=iphoneos*]" = "iPhone Developer";
				COPY_PHASE_STRIP = NO;
				DEBUG_INFORMATION_FORMAT = dwarf;
				ENABLE_STRICT_OBJC_MSGSEND = YES;
				ENABLE_TESTABILITY = YES;
				GCC_C_LANGUAGE_STANDARD = gnu99;
				GCC_DYNAMIC_NO_PIC = NO;
				GCC_NO_COMMON_BLOCKS = YES;
				GCC_OPTIMIZATION_LEVEL = 0;
				GCC_PREPROCESSOR_DEFINITIONS = (
					"DEBUG=1",
					"$(inherited)",
				);
				GCC_WARN_64_TO_32_BIT_CONVERSION = YES;
				GCC_WARN_ABOUT_RETURN_TYPE = YES_ERROR;
				GCC_WARN_UNDECLARED_SELECTOR = YES;
				GCC_WARN_UNINITIALIZED_AUTOS = YES_AGGRESSIVE;
				GCC_WARN_UNUSED_FUNCTION = YES;
				GCC_WARN_UNUSED_VARIABLE = YES;
				IPHONEOS_DEPLOYMENT_TARGET = 9.0;
				MTL_ENABLE_DEBUG_INFO = YES;
				ONLY_ACTIVE_ARCH = YES;
				SDKROOT = iphoneos;
				SWIFT_OPTIMIZATION_LEVEL = "-Onone";
				TARGETED_DEVICE_FAMILY = "1,2";
			};
			name = Debug;
		};
		4AF67CF31B79BB7B00B36C40 /* Release */ = {
			isa = XCBuildConfiguration;
			buildSettings = {
				ALWAYS_SEARCH_USER_PATHS = NO;
				CLANG_CXX_LANGUAGE_STANDARD = "gnu++0x";
				CLANG_CXX_LIBRARY = "libc++";
				CLANG_ENABLE_MODULES = YES;
				CLANG_ENABLE_OBJC_ARC = YES;
				CLANG_WARN_BOOL_CONVERSION = YES;
				CLANG_WARN_CONSTANT_CONVERSION = YES;
				CLANG_WARN_DIRECT_OBJC_ISA_USAGE = YES_ERROR;
				CLANG_WARN_EMPTY_BODY = YES;
				CLANG_WARN_ENUM_CONVERSION = YES;
				CLANG_WARN_INT_CONVERSION = YES;
				CLANG_WARN_OBJC_ROOT_CLASS = YES_ERROR;
				CLANG_WARN_UNREACHABLE_CODE = YES;
				CLANG_WARN__DUPLICATE_METHOD_MATCH = YES;
				"CODE_SIGN_IDENTITY[sdk=iphoneos*]" = "iPhone Developer";
				COPY_PHASE_STRIP = NO;
				DEBUG_INFORMATION_FORMAT = "dwarf-with-dsym";
				ENABLE_NS_ASSERTIONS = NO;
				ENABLE_STRICT_OBJC_MSGSEND = YES;
				GCC_C_LANGUAGE_STANDARD = gnu99;
				GCC_NO_COMMON_BLOCKS = YES;
				GCC_WARN_64_TO_32_BIT_CONVERSION = YES;
				GCC_WARN_ABOUT_RETURN_TYPE = YES_ERROR;
				GCC_WARN_UNDECLARED_SELECTOR = YES;
				GCC_WARN_UNINITIALIZED_AUTOS = YES_AGGRESSIVE;
				GCC_WARN_UNUSED_FUNCTION = YES;
				GCC_WARN_UNUSED_VARIABLE = YES;
				IPHONEOS_DEPLOYMENT_TARGET = 9.0;
				MTL_ENABLE_DEBUG_INFO = NO;
				SDKROOT = iphoneos;
				TARGETED_DEVICE_FAMILY = "1,2";
				VALIDATE_PRODUCT = YES;
			};
			name = Release;
		};
		4AF67CF51B79BB7B00B36C40 /* Debug */ = {
			isa = XCBuildConfiguration;
			buildSettings = {
				ASSETCATALOG_COMPILER_APPICON_NAME = AppIcon;
				INFOPLIST_FILE = TTScanView/Info.plist;
				LD_RUNPATH_SEARCH_PATHS = "$(inherited) @executable_path/Frameworks";
				PRODUCT_BUNDLE_IDENTIFIER = com.github.tattn.TTScanView;
				PRODUCT_NAME = "$(TARGET_NAME)";
			};
			name = Debug;
		};
		4AF67CF61B79BB7B00B36C40 /* Release */ = {
			isa = XCBuildConfiguration;
			buildSettings = {
				ASSETCATALOG_COMPILER_APPICON_NAME = AppIcon;
				INFOPLIST_FILE = TTScanView/Info.plist;
				LD_RUNPATH_SEARCH_PATHS = "$(inherited) @executable_path/Frameworks";
				PRODUCT_BUNDLE_IDENTIFIER = com.github.tattn.TTScanView;
				PRODUCT_NAME = "$(TARGET_NAME)";
			};
			name = Release;
		};
/* End XCBuildConfiguration section */

/* Begin XCConfigurationList section */
		4AF67CC71B79BB7B00B36C40 /* Build configuration list for PBXProject "TTScanView" */ = {
			isa = XCConfigurationList;
			buildConfigurations = (
				4AF67CF21B79BB7B00B36C40 /* Debug */,
				4AF67CF31B79BB7B00B36C40 /* Release */,
			);
			defaultConfigurationIsVisible = 0;
			defaultConfigurationName = Release;
		};
		4AF67CF41B79BB7B00B36C40 /* Build configuration list for PBXNativeTarget "TTScanView" */ = {
			isa = XCConfigurationList;
			buildConfigurations = (
				4AF67CF51B79BB7B00B36C40 /* Debug */,
				4AF67CF61B79BB7B00B36C40 /* Release */,
			);
			defaultConfigurationIsVisible = 0;
		};
/* End XCConfigurationList section */
	};
	rootObject = 4AF67CC41B79BB7B00B36C40 /* Project object */;
}
